
Microsoft Visual Studio Solution File, Format Version 12.00
# Visual Studio Version 16
VisualStudioVersion = 16.0.29326.143
MinimumVisualStudioVersion = 10.0.40219.1
Project("{9A19103F-16F7-4668-BE54-9A1E7A4F7556}") = "Console", "SnapFish66_Console\Console.csproj", "{C759350D-EC2D-48E0-B1C4-6AD4172AA48D}"
	ProjectSection(ProjectDependencies) = postProject
		{9F66ACA1-FE41-4FB3-8E27-01F71E96E743} = {9F66ACA1-FE41-4FB3-8E27-01F71E96E743}
	EndProjectSection
EndProject
Project("{9A19103F-16F7-4668-BE54-9A1E7A4F7556}") = "Calculate", "Calculate\Calculate.csproj", "{9F66ACA1-FE41-4FB3-8E27-01F71E96E743}"
EndProject
Project("{9A19103F-16F7-4668-BE54-9A1E7A4F7556}") = "DataAccessLayer", "DataAccessLayer\DataAccessLayer.csproj", "{7C10E169-BBAA-4360-8438-6E575888626A}"
EndProject
Project("{FAE04EC0-301F-11D3-BF4B-00C04F79EFBC}") = "GUI", "GUI\GUI.csproj", "{18C14F68-728E-43FA-8B3A-A07C77A67BF4}"
EndProject
Global
	GlobalSection(SolutionConfigurationPlatforms) = preSolution
		Debug|Any CPU = Debug|Any CPU
		Release|Any CPU = Release|Any CPU
	EndGlobalSection
	GlobalSection(ProjectConfigurationPlatforms) = postSolution
		{C759350D-EC2D-48E0-B1C4-6AD4172AA48D}.Debug|Any CPU.ActiveCfg = Debug|Any CPU
		{C759350D-EC2D-48E0-B1C4-6AD4172AA48D}.Debug|Any CPU.Build.0 = Debug|Any CPU
		{C759350D-EC2D-48E0-B1C4-6AD4172AA48D}.Release|Any CPU.ActiveCfg = Release|Any CPU
		{C759350D-EC2D-48E0-B1C4-6AD4172AA48D}.Release|Any CPU.Build.0 = Release|Any CPU
		{9F66ACA1-FE41-4FB3-8E27-01F71E96E743}.Debug|Any CPU.ActiveCfg = Debug|Any CPU
		{9F66ACA1-FE41-4FB3-8E27-01F71E96E743}.Debug|Any CPU.Build.0 = Debug|Any CPU
		{9F66ACA1-FE41-4FB3-8E27-01F71E96E743}.Release|Any CPU.ActiveCfg = Release|Any CPU
		{9F66ACA1-FE41-4FB3-8E27-01F71E96E743}.Release|Any CPU.Build.0 = Release|Any CPU
		{7C10E169-BBAA-4360-8438-6E575888626A}.Debug|Any CPU.ActiveCfg = Debug|Any CPU
		{7C10E169-BBAA-4360-8438-6E575888626A}.Debug|Any CPU.Build.0 = Debug|Any CPU
		{7C10E169-BBAA-4360-8438-6E575888626A}.Release|Any CPU.ActiveCfg = Release|Any CPU
		{7C10E169-BBAA-4360-8438-6E575888626A}.Release|Any CPU.Build.0 = Release|Any CPU
		{18C14F68-728E-43FA-8B3A-A07C77A67BF4}.Debug|Any CPU.ActiveCfg = Debug|Any CPU
		{18C14F68-728E-43FA-8B3A-A07C77A67BF4}.Debug|Any CPU.Build.0 = Debug|Any CPU
		{18C14F68-728E-43FA-8B3A-A07C77A67BF4}.Release|Any CPU.ActiveCfg = Release|Any CPU
		{18C14F68-728E-43FA-8B3A-A07C77A67BF4}.Release|Any CPU.Build.0 = Release|Any CPU
	EndGlobalSection
	GlobalSection(SolutionProperties) = preSolution
		HideSolutionNode = FALSE
	EndGlobalSection
	GlobalSection(ExtensibilityGlobals) = postSolution
		SolutionGuid = {8CC31412-FA6E-4D83-9086-E10571FA5F2B}
	EndGlobalSection
EndGlobal
